
Microsoft Visual Studio Solution File, Format Version 12.00
# Visual Studio Version 16
VisualStudioVersion = 16.0.28917.182
MinimumVisualStudioVersion = 10.0.40219.1
Project("{FAE04EC0-301F-11D3-BF4B-00C04F79EFBC}") = "CachingDojo", "CachingDojo.csproj", "{68135782-D66E-41FA-8573-F3C7A58294E5}"
EndProject
Global
	GlobalSection(SolutionConfigurationPlatforms) = preSolution
		Debug|Any CPU = Debug|Any CPU
		Release|Any CPU = Release|Any CPU
	EndGlobalSection
	GlobalSection(ProjectConfigurationPlatforms) = postSolution
		{68135782-D66E-41FA-8573-F3C7A58294E5}.Debug|Any CPU.ActiveCfg = Debug|Any CPU
		{68135782-D66E-41FA-8573-F3C7A58294E5}.Debug|Any CPU.Build.0 = Debug|Any CPU
		{68135782-D66E-41FA-8573-F3C7A58294E5}.Release|Any CPU.ActiveCfg = Release|Any CPU
		{68135782-D66E-41FA-8573-F3C7A58294E5}.Release|Any CPU.Build.0 = Release|Any CPU
	EndGlobalSection
	GlobalSection(SolutionProperties) = preSolution
		HideSolutionNode = FALSE
	EndGlobalSection
	GlobalSection(ExtensibilityGlobals) = postSolution
		SolutionGuid = {2F847D77-C907-4603-93F4-3C354A2A773F}
	EndGlobalSection
EndGlobal
